
Microsoft Visual Studio Solution File, Format Version 12.00
# Visual Studio Version 16
VisualStudioVersion = 16.0.30611.23
MinimumVisualStudioVersion = 10.0.40219.1
Project("{FAE04EC0-301F-11D3-BF4B-00C04F79EFBC}") = "TestClassLib", "TestClassLib\TestClassLib.csproj", "{307ACA64-3D4E-4557-B172-94C5DB70F25C}"
EndProject
Global
	GlobalSection(SolutionConfigurationPlatforms) = preSolution
		Debug|Any CPU = Debug|Any CPU
		Release|Any CPU = Release|Any CPU
	EndGlobalSection
	GlobalSection(ProjectConfigurationPlatforms) = postSolution
		{307ACA64-3D4E-4557-B172-94C5DB70F25C}.Debug|Any CPU.ActiveCfg = Debug|Any CPU
		{307ACA64-3D4E-4557-B172-94C5DB70F25C}.Debug|Any CPU.Build.0 = Debug|Any CPU
		{307ACA64-3D4E-4557-B172-94C5DB70F25C}.Release|Any CPU.ActiveCfg = Release|Any CPU
		{307ACA64-3D4E-4557-B172-94C5DB70F25C}.Release|Any CPU.Build.0 = Release|Any CPU
	EndGlobalSection
	GlobalSection(SolutionProperties) = preSolution
		HideSolutionNode = FALSE
	EndGlobalSection
	GlobalSection(ExtensibilityGlobals) = postSolution
		SolutionGuid = {3DDAAC60-31E3-4D57-A5EA-A38E30823F53}
	EndGlobalSection
EndGlobal
